
Microsoft Visual Studio Solution File, Format Version 12.00
# Visual Studio Version 16
VisualStudioVersion = 16.0.31112.23
MinimumVisualStudioVersion = 10.0.40219.1
Project("{9A19103F-16F7-4668-BE54-9A1E7A4F7556}") = "GolfGame", "cs\GolfGame.csproj", "{E29868C0-7DDA-4575-8602-3F74575B83D2}"
EndProject
Project("{8BC9CEB8-8B4A-11D0-8D11-00A0C91BC942}") = "GolfGame", "cpp\GolfGame.vcxproj", "{B3C3B49A-8289-48F2-8B95-1614E5BC7552}"
EndProject
Project("{2150E333-8FDC-42A3-9474-1A3956D46DE8}") = "Solution Items", "Solution Items", "{637E2488-1140-45FA-AAC6-F51991848900}"
	ProjectSection(SolutionItems) = preProject
		shaders\shader.frag = shaders\shader.frag
		shaders\shader.vert = shaders\shader.vert
	EndProjectSection
EndProject
Global
	GlobalSection(SolutionConfigurationPlatforms) = preSolution
		Debug|Any CPU = Debug|Any CPU
		Debug|x64 = Debug|x64
		Debug|x86 = Debug|x86
		Release|Any CPU = Release|Any CPU
		Release|x64 = Release|x64
		Release|x86 = Release|x86
	EndGlobalSection
	GlobalSection(ProjectConfigurationPlatforms) = postSolution
		{E29868C0-7DDA-4575-8602-3F74575B83D2}.Debug|Any CPU.ActiveCfg = Debug|Any CPU
		{E29868C0-7DDA-4575-8602-3F74575B83D2}.Debug|Any CPU.Build.0 = Debug|Any CPU
		{E29868C0-7DDA-4575-8602-3F74575B83D2}.Debug|x64.ActiveCfg = Debug|Any CPU
		{E29868C0-7DDA-4575-8602-3F74575B83D2}.Debug|x64.Build.0 = Debug|Any CPU
		{E29868C0-7DDA-4575-8602-3F74575B83D2}.Debug|x86.ActiveCfg = Debug|Any CPU
		{E29868C0-7DDA-4575-8602-3F74575B83D2}.Debug|x86.Build.0 = Debug|Any CPU
		{E29868C0-7DDA-4575-8602-3F74575B83D2}.Release|Any CPU.ActiveCfg = Release|Any CPU
		{E29868C0-7DDA-4575-8602-3F74575B83D2}.Release|Any CPU.Build.0 = Release|Any CPU
		{E29868C0-7DDA-4575-8602-3F74575B83D2}.Release|x64.ActiveCfg = Release|Any CPU
		{E29868C0-7DDA-4575-8602-3F74575B83D2}.Release|x64.Build.0 = Release|Any CPU
		{E29868C0-7DDA-4575-8602-3F74575B83D2}.Release|x86.ActiveCfg = Release|Any CPU
		{E29868C0-7DDA-4575-8602-3F74575B83D2}.Release|x86.Build.0 = Release|Any CPU
		{B3C3B49A-8289-48F2-8B95-1614E5BC7552}.Debug|Any CPU.ActiveCfg = Debug|x64
		{B3C3B49A-8289-48F2-8B95-1614E5BC7552}.Debug|Any CPU.Build.0 = Debug|x64
		{B3C3B49A-8289-48F2-8B95-1614E5BC7552}.Debug|x64.ActiveCfg = Debug|x64
		{B3C3B49A-8289-48F2-8B95-1614E5BC7552}.Debug|x64.Build.0 = Debug|x64
		{B3C3B49A-8289-48F2-8B95-1614E5BC7552}.Debug|x86.ActiveCfg = Debug|Win32
		{B3C3B49A-8289-48F2-8B95-1614E5BC7552}.Debug|x86.Build.0 = Debug|Win32
		{B3C3B49A-8289-48F2-8B95-1614E5BC7552}.Release|Any CPU.ActiveCfg = Release|x64
		{B3C3B49A-8289-48F2-8B95-1614E5BC7552}.Release|Any CPU.Build.0 = Release|x64
		{B3C3B49A-8289-48F2-8B95-1614E5BC7552}.Release|x64.ActiveCfg = Release|x64
		{B3C3B49A-8289-48F2-8B95-1614E5BC7552}.Release|x64.Build.0 = Release|x64
		{B3C3B49A-8289-48F2-8B95-1614E5BC7552}.Release|x86.ActiveCfg = Release|x64
	EndGlobalSection
	GlobalSection(SolutionProperties) = preSolution
		HideSolutionNode = FALSE
	EndGlobalSection
	GlobalSection(ExtensibilityGlobals) = postSolution
		SolutionGuid = {FD9A0DDE-9897-46C4-952A-649ED39B7C16}
	EndGlobalSection
EndGlobal
