
Microsoft Visual Studio Solution File, Format Version 12.00
# Visual Studio Version 16
VisualStudioVersion = 16.0.31112.23
MinimumVisualStudioVersion = 10.0.40219.1
Project("{8BC9CEB8-8B4A-11D0-8D11-00A0C91BC942}") = "golf-god", "cpp/golf-god.vcxproj", "{B3C3B49A-8289-48F2-8B95-1614E5BC7552}"
EndProject
Global
	GlobalSection(SolutionConfigurationPlatforms) = preSolution
		Debug|Any CPU = Debug|Any CPU
		Debug|x64 = Debug|x64
		Debug|x86 = Debug|x86
		Release|Any CPU = Release|Any CPU
		Release|x64 = Release|x64
		Release|x86 = Release|x86
	EndGlobalSection
	GlobalSection(ProjectConfigurationPlatforms) = postSolution
		{B3C3B49A-8289-48F2-8B95-1614E5BC7552}.Debug|Any CPU.ActiveCfg = Debug|x64
		{B3C3B49A-8289-48F2-8B95-1614E5BC7552}.Debug|Any CPU.Build.0 = Debug|x64
		{B3C3B49A-8289-48F2-8B95-1614E5BC7552}.Debug|x64.ActiveCfg = Debug|x64
		{B3C3B49A-8289-48F2-8B95-1614E5BC7552}.Debug|x64.Build.0 = Debug|x64
		{B3C3B49A-8289-48F2-8B95-1614E5BC7552}.Debug|x86.ActiveCfg = Debug|Win32
		{B3C3B49A-8289-48F2-8B95-1614E5BC7552}.Debug|x86.Build.0 = Debug|Win32
		{B3C3B49A-8289-48F2-8B95-1614E5BC7552}.Release|Any CPU.ActiveCfg = Release|x64
		{B3C3B49A-8289-48F2-8B95-1614E5BC7552}.Release|Any CPU.Build.0 = Release|x64
		{B3C3B49A-8289-48F2-8B95-1614E5BC7552}.Release|x64.ActiveCfg = Release|x64
		{B3C3B49A-8289-48F2-8B95-1614E5BC7552}.Release|x64.Build.0 = Release|x64
		{B3C3B49A-8289-48F2-8B95-1614E5BC7552}.Release|x86.ActiveCfg = Release|x64
	EndGlobalSection
	GlobalSection(SolutionProperties) = preSolution
		HideSolutionNode = FALSE
	EndGlobalSection
	GlobalSection(ExtensibilityGlobals) = postSolution
		SolutionGuid = {FD9A0DDE-9897-46C4-952A-649ED39B7C16}
	EndGlobalSection
EndGlobal
